// !$*UTF8*$!
{
	archiveVersion = 1;
	classes = {
	};
	objectVersion = 55;
	objects = {

/* Begin PBXBuildFile section */
		6A0F857A2840617C0014D037 /* GoogleService-Info.plist in Resources */ = {isa = PBXBuildFile; fileRef = 6A0F85792840617C0014D037 /* GoogleService-Info.plist */; };
		6A0F8598284097B30014D037 /* NotificationService.swift in Sources */ = {isa = PBXBuildFile; fileRef = 6A0F8597284097B30014D037 /* NotificationService.swift */; };
		6A0F859C284097B30014D037 /* NotificationExtension.appex in Embed App Extensions */ = {isa = PBXBuildFile; fileRef = 6A0F8595284097B30014D037 /* NotificationExtension.appex */; settings = {ATTRIBUTES = (RemoveHeadersOnCopy, ); }; };
		6A0F85A72844911D0014D037 /* Message.swift in Sources */ = {isa = PBXBuildFile; fileRef = 6A0F85A62844911D0014D037 /* Message.swift */; };
		6A0F85A9284499360014D037 /* JSONDefaultWrapper.swift in Sources */ = {isa = PBXBuildFile; fileRef = 6A0F85A8284499360014D037 /* JSONDefaultWrapper.swift */; };
		6A0F85AC2844A8730014D037 /* Constants.swift in Sources */ = {isa = PBXBuildFile; fileRef = 6A0F85AB2844A8730014D037 /* Constants.swift */; };
		6A1769D22819224C004AF6C8 /* AppDelegate.swift in Sources */ = {isa = PBXBuildFile; fileRef = 6A1769D12819224C004AF6C8 /* AppDelegate.swift */; };
		6A1769D42819224C004AF6C8 /* SceneDelegate.swift in Sources */ = {isa = PBXBuildFile; fileRef = 6A1769D32819224C004AF6C8 /* SceneDelegate.swift */; };
		6A1769D62819224C004AF6C8 /* TabBarController.swift in Sources */ = {isa = PBXBuildFile; fileRef = 6A1769D52819224C004AF6C8 /* TabBarController.swift */; };
		6A1769DB2819224D004AF6C8 /* Assets.xcassets in Resources */ = {isa = PBXBuildFile; fileRef = 6A1769DA2819224D004AF6C8 /* Assets.xcassets */; };
		6A1769DE2819224D004AF6C8 /* LaunchScreen.storyboard in Resources */ = {isa = PBXBuildFile; fileRef = 6A1769DC2819224D004AF6C8 /* LaunchScreen.storyboard */; };
		6A1769EE281931F5004AF6C8 /* TranslateViewController.swift in Sources */ = {isa = PBXBuildFile; fileRef = 6A1769ED281931F5004AF6C8 /* TranslateViewController.swift */; };
		6A1769F028193217004AF6C8 /* BookmarkViewController.swift in Sources */ = {isa = PBXBuildFile; fileRef = 6A1769EF28193217004AF6C8 /* BookmarkViewController.swift */; };
		6A1769F2281A25B7004AF6C8 /* UIColor+.swift in Sources */ = {isa = PBXBuildFile; fileRef = 6A1769F1281A25B7004AF6C8 /* UIColor+.swift */; };
		6A1769F4281A2EA5004AF6C8 /* SourceTextViewController.swift in Sources */ = {isa = PBXBuildFile; fileRef = 6A1769F3281A2EA5004AF6C8 /* SourceTextViewController.swift */; };
		6A1769FD281A5912004AF6C8 /* TranslateViewModel.swift in Sources */ = {isa = PBXBuildFile; fileRef = 6A1769FC281A5912004AF6C8 /* TranslateViewModel.swift */; };
		6A176A00281A5D73004AF6C8 /* SourceTextViewModel.swift in Sources */ = {isa = PBXBuildFile; fileRef = 6A1769FF281A5D73004AF6C8 /* SourceTextViewModel.swift */; };
		6A57991C284F1F3300E18E29 /* APIViewModel.swift in Sources */ = {isa = PBXBuildFile; fileRef = 6A57991B284F1F3300E18E29 /* APIViewModel.swift */; };
		6A90B24A287E8FE800254191 /* BookmarkToDataTransformer.swift in Sources */ = {isa = PBXBuildFile; fileRef = 6A90B249287E8FE800254191 /* BookmarkToDataTransformer.swift */; };
		6A9175B1281FAC5900E010A2 /* ButtonStyle.swift in Sources */ = {isa = PBXBuildFile; fileRef = 6A9175B0281FAC5900E010A2 /* ButtonStyle.swift */; };
		6A9A52E728A4A01500B4D189 /* SpeechRecognizer.swift in Sources */ = {isa = PBXBuildFile; fileRef = 6A9A52E628A4A01500B4D189 /* SpeechRecognizer.swift */; };
		6A9A52E928A4CAD400B4D189 /* RecorderViewController.swift in Sources */ = {isa = PBXBuildFile; fileRef = 6A9A52E828A4CAD400B4D189 /* RecorderViewController.swift */; };
		6A9A52EB28A4CAE900B4D189 /* RecorderViewModel.swift in Sources */ = {isa = PBXBuildFile; fileRef = 6A9A52EA28A4CAE900B4D189 /* RecorderViewModel.swift */; };
		6A9A52F128A4D90500B4D189 /* 78296-record.json in Resources */ = {isa = PBXBuildFile; fileRef = 6A9A52F028A4D90500B4D189 /* 78296-record.json */; };
		6A9AF3D8283C9F6500AFBA00 /* BookmarkItems.xcdatamodeld in Sources */ = {isa = PBXBuildFile; fileRef = 6A9AF3D6283C9F6400AFBA00 /* BookmarkItems.xcdatamodeld */; };
		6A9AF3DA283CA8F800AFBA00 /* Bookmark.swift in Sources */ = {isa = PBXBuildFile; fileRef = 6A9AF3D9283CA8F800AFBA00 /* Bookmark.swift */; };
		6A9AF3E5283CB33700AFBA00 /* Item+CoreDataClass.swift in Sources */ = {isa = PBXBuildFile; fileRef = 6A9AF3E3283CB33700AFBA00 /* Item+CoreDataClass.swift */; };
		6A9AF3E6283CB33700AFBA00 /* Item+CoreDataProperties.swift in Sources */ = {isa = PBXBuildFile; fileRef = 6A9AF3E4283CB33700AFBA00 /* Item+CoreDataProperties.swift */; };
		6ADE01A728ACCD6A00E2A4BF /* Alamofire in Frameworks */ = {isa = PBXBuildFile; productRef = 6ADE01A628ACCD6A00E2A4BF /* Alamofire */; };
		6ADE01AA28ACCEA700E2A4BF /* FirebaseAnalytics in Frameworks */ = {isa = PBXBuildFile; productRef = 6ADE01A928ACCEA700E2A4BF /* FirebaseAnalytics */; };
		6ADE01AC28ACCEA700E2A4BF /* FirebaseMessaging in Frameworks */ = {isa = PBXBuildFile; productRef = 6ADE01AB28ACCEA700E2A4BF /* FirebaseMessaging */; };
		6ADE01AF28ACCF3C00E2A4BF /* Lottie in Frameworks */ = {isa = PBXBuildFile; productRef = 6ADE01AE28ACCF3C00E2A4BF /* Lottie */; };
		6ADE01B228ACCFEB00E2A4BF /* RxCocoa in Frameworks */ = {isa = PBXBuildFile; productRef = 6ADE01B128ACCFEB00E2A4BF /* RxCocoa */; };
		6ADE01B428ACCFEB00E2A4BF /* RxRelay in Frameworks */ = {isa = PBXBuildFile; productRef = 6ADE01B328ACCFEB00E2A4BF /* RxRelay */; };
		6ADE01B628ACCFEB00E2A4BF /* RxSwift in Frameworks */ = {isa = PBXBuildFile; productRef = 6ADE01B528ACCFEB00E2A4BF /* RxSwift */; };
		6ADE01B928ACD09100E2A4BF /* SnapKit in Frameworks */ = {isa = PBXBuildFile; productRef = 6ADE01B828ACD09100E2A4BF /* SnapKit */; };
		6ADE01BB28ACD3D000E2A4BF /* FirebaseMessaging in Frameworks */ = {isa = PBXBuildFile; productRef = 6ADE01BA28ACD3D000E2A4BF /* FirebaseMessaging */; };
		6ADE01BD28ACDD1D00E2A4BF /* SpeechSynthesizer.swift in Sources */ = {isa = PBXBuildFile; fileRef = 6ADE01BC28ACDD1D00E2A4BF /* SpeechSynthesizer.swift */; };
		6ADE01BF28ADCBF200E2A4BF /* Extensions.swift in Sources */ = {isa = PBXBuildFile; fileRef = 6ADE01BE28ADCBF200E2A4BF /* Extensions.swift */; };
		6ADE01C128AE36A000E2A4BF /* BookmarkViewModel.swift in Sources */ = {isa = PBXBuildFile; fileRef = 6ADE01C028AE36A000E2A4BF /* BookmarkViewModel.swift */; };
		6ADE01C428AF529B00E2A4BF /* SwipeCellKit in Frameworks */ = {isa = PBXBuildFile; productRef = 6ADE01C328AF529B00E2A4BF /* SwipeCellKit */; };
		6AE78FC52828D3BB00A05115 /* BookmarkListHeader.swift in Sources */ = {isa = PBXBuildFile; fileRef = 6AE78FC42828D3BB00A05115 /* BookmarkListHeader.swift */; };
		6AE78FC72828D3C800A05115 /* BookmarkListCell.swift in Sources */ = {isa = PBXBuildFile; fileRef = 6AE78FC62828D3C800A05115 /* BookmarkListCell.swift */; };
		6AE9324D2825041B00FBF607 /* LanguageType.swift in Sources */ = {isa = PBXBuildFile; fileRef = 6AE9324C2825041B00FBF607 /* LanguageType.swift */; };
		6AE932522828AC3300FBF607 /* CoreDataViewModel.swift in Sources */ = {isa = PBXBuildFile; fileRef = 6AE932512828AC3300FBF607 /* CoreDataViewModel.swift */; };
/* End PBXBuildFile section */

/* Begin PBXContainerItemProxy section */
		6A0F859A284097B30014D037 /* PBXContainerItemProxy */ = {
			isa = PBXContainerItemProxy;
			containerPortal = 6A1769C62819224C004AF6C8 /* Project object */;
			proxyType = 1;
			remoteGlobalIDString = 6A0F8594284097B30014D037;
			remoteInfo = NotificationExtension;
		};
/* End PBXContainerItemProxy section */

/* Begin PBXCopyFilesBuildPhase section */
		6A0F85902840975D0014D037 /* Embed App Extensions */ = {
			isa = PBXCopyFilesBuildPhase;
			buildActionMask = 2147483647;
			dstPath = "";
			dstSubfolderSpec = 13;
			files = (
				6A0F859C284097B30014D037 /* NotificationExtension.appex in Embed App Extensions */,
			);
			name = "Embed App Extensions";
			runOnlyForDeploymentPostprocessing = 0;
		};
/* End PBXCopyFilesBuildPhase section */

/* Begin PBXFileReference section */
		6A0F85792840617C0014D037 /* GoogleService-Info.plist */ = {isa = PBXFileReference; fileEncoding = 4; lastKnownFileType = text.plist.xml; path = "GoogleService-Info.plist"; sourceTree = "<group>"; };
		6A0F858028406B270014D037 /* Translate.entitlements */ = {isa = PBXFileReference; lastKnownFileType = text.plist.entitlements; path = Translate.entitlements; sourceTree = "<group>"; };
		6A0F8595284097B30014D037 /* NotificationExtension.appex */ = {isa = PBXFileReference; explicitFileType = "wrapper.app-extension"; includeInIndex = 0; path = NotificationExtension.appex; sourceTree = BUILT_PRODUCTS_DIR; };
		6A0F8597284097B30014D037 /* NotificationService.swift */ = {isa = PBXFileReference; lastKnownFileType = sourcecode.swift; path = NotificationService.swift; sourceTree = "<group>"; };
		6A0F8599284097B30014D037 /* Info.plist */ = {isa = PBXFileReference; lastKnownFileType = text.plist.xml; path = Info.plist; sourceTree = "<group>"; };
		6A0F85A62844911D0014D037 /* Message.swift */ = {isa = PBXFileReference; lastKnownFileType = sourcecode.swift; path = Message.swift; sourceTree = "<group>"; };
		6A0F85A8284499360014D037 /* JSONDefaultWrapper.swift */ = {isa = PBXFileReference; lastKnownFileType = sourcecode.swift; path = JSONDefaultWrapper.swift; sourceTree = "<group>"; };
		6A0F85AB2844A8730014D037 /* Constants.swift */ = {isa = PBXFileReference; lastKnownFileType = sourcecode.swift; path = Constants.swift; sourceTree = "<group>"; };
		6A1769CE2819224C004AF6C8 /* Translate.app */ = {isa = PBXFileReference; explicitFileType = wrapper.application; includeInIndex = 0; path = Translate.app; sourceTree = BUILT_PRODUCTS_DIR; };
		6A1769D12819224C004AF6C8 /* AppDelegate.swift */ = {isa = PBXFileReference; lastKnownFileType = sourcecode.swift; path = AppDelegate.swift; sourceTree = "<group>"; };
		6A1769D32819224C004AF6C8 /* SceneDelegate.swift */ = {isa = PBXFileReference; lastKnownFileType = sourcecode.swift; path = SceneDelegate.swift; sourceTree = "<group>"; };
		6A1769D52819224C004AF6C8 /* TabBarController.swift */ = {isa = PBXFileReference; lastKnownFileType = sourcecode.swift; path = TabBarController.swift; sourceTree = "<group>"; };
		6A1769DA2819224D004AF6C8 /* Assets.xcassets */ = {isa = PBXFileReference; lastKnownFileType = folder.assetcatalog; path = Assets.xcassets; sourceTree = "<group>"; };
		6A1769DD2819224D004AF6C8 /* Base */ = {isa = PBXFileReference; lastKnownFileType = file.storyboard; name = Base; path = Base.lproj/LaunchScreen.storyboard; sourceTree = "<group>"; };
		6A1769DF2819224D004AF6C8 /* Info.plist */ = {isa = PBXFileReference; lastKnownFileType = text.plist.xml; path = Info.plist; sourceTree = "<group>"; };
		6A1769E52819225C004AF6C8 /* README.md */ = {isa = PBXFileReference; lastKnownFileType = net.daringfireball.markdown; path = README.md; sourceTree = "<group>"; };
		6A1769ED281931F5004AF6C8 /* TranslateViewController.swift */ = {isa = PBXFileReference; lastKnownFileType = sourcecode.swift; path = TranslateViewController.swift; sourceTree = "<group>"; };
		6A1769EF28193217004AF6C8 /* BookmarkViewController.swift */ = {isa = PBXFileReference; lastKnownFileType = sourcecode.swift; path = BookmarkViewController.swift; sourceTree = "<group>"; };
		6A1769F1281A25B7004AF6C8 /* UIColor+.swift */ = {isa = PBXFileReference; lastKnownFileType = sourcecode.swift; path = "UIColor+.swift"; sourceTree = "<group>"; };
		6A1769F3281A2EA5004AF6C8 /* SourceTextViewController.swift */ = {isa = PBXFileReference; lastKnownFileType = sourcecode.swift; path = SourceTextViewController.swift; sourceTree = "<group>"; };
		6A1769FC281A5912004AF6C8 /* TranslateViewModel.swift */ = {isa = PBXFileReference; lastKnownFileType = sourcecode.swift; path = TranslateViewModel.swift; sourceTree = "<group>"; };
		6A1769FF281A5D73004AF6C8 /* SourceTextViewModel.swift */ = {isa = PBXFileReference; lastKnownFileType = sourcecode.swift; path = SourceTextViewModel.swift; sourceTree = "<group>"; };
		6A57991B284F1F3300E18E29 /* APIViewModel.swift */ = {isa = PBXFileReference; lastKnownFileType = sourcecode.swift; path = APIViewModel.swift; sourceTree = "<group>"; };
		6A90B249287E8FE800254191 /* BookmarkToDataTransformer.swift */ = {isa = PBXFileReference; lastKnownFileType = sourcecode.swift; path = BookmarkToDataTransformer.swift; sourceTree = "<group>"; };
		6A9175B0281FAC5900E010A2 /* ButtonStyle.swift */ = {isa = PBXFileReference; lastKnownFileType = sourcecode.swift; path = ButtonStyle.swift; sourceTree = "<group>"; };
		6A9A52E628A4A01500B4D189 /* SpeechRecognizer.swift */ = {isa = PBXFileReference; lastKnownFileType = sourcecode.swift; path = SpeechRecognizer.swift; sourceTree = "<group>"; };
		6A9A52E828A4CAD400B4D189 /* RecorderViewController.swift */ = {isa = PBXFileReference; lastKnownFileType = sourcecode.swift; path = RecorderViewController.swift; sourceTree = "<group>"; };
		6A9A52EA28A4CAE900B4D189 /* RecorderViewModel.swift */ = {isa = PBXFileReference; lastKnownFileType = sourcecode.swift; path = RecorderViewModel.swift; sourceTree = "<group>"; };
		6A9A52F028A4D90500B4D189 /* 78296-record.json */ = {isa = PBXFileReference; fileEncoding = 4; lastKnownFileType = text.json; path = "78296-record.json"; sourceTree = "<group>"; };
		6A9AF3D7283C9F6500AFBA00 /* BookmarkItems.xcdatamodel */ = {isa = PBXFileReference; lastKnownFileType = wrapper.xcdatamodel; path = BookmarkItems.xcdatamodel; sourceTree = "<group>"; };
		6A9AF3D9283CA8F800AFBA00 /* Bookmark.swift */ = {isa = PBXFileReference; lastKnownFileType = sourcecode.swift; path = Bookmark.swift; sourceTree = "<group>"; };
		6A9AF3E3283CB33700AFBA00 /* Item+CoreDataClass.swift */ = {isa = PBXFileReference; lastKnownFileType = sourcecode.swift; path = "Item+CoreDataClass.swift"; sourceTree = "<group>"; };
		6A9AF3E4283CB33700AFBA00 /* Item+CoreDataProperties.swift */ = {isa = PBXFileReference; lastKnownFileType = sourcecode.swift; path = "Item+CoreDataProperties.swift"; sourceTree = "<group>"; };
		6ADE01BC28ACDD1D00E2A4BF /* SpeechSynthesizer.swift */ = {isa = PBXFileReference; lastKnownFileType = sourcecode.swift; path = SpeechSynthesizer.swift; sourceTree = "<group>"; };
		6ADE01BE28ADCBF200E2A4BF /* Extensions.swift */ = {isa = PBXFileReference; lastKnownFileType = sourcecode.swift; path = Extensions.swift; sourceTree = "<group>"; };
		6ADE01C028AE36A000E2A4BF /* BookmarkViewModel.swift */ = {isa = PBXFileReference; lastKnownFileType = sourcecode.swift; path = BookmarkViewModel.swift; sourceTree = "<group>"; };
		6AE78FC42828D3BB00A05115 /* BookmarkListHeader.swift */ = {isa = PBXFileReference; lastKnownFileType = sourcecode.swift; path = BookmarkListHeader.swift; sourceTree = "<group>"; };
		6AE78FC62828D3C800A05115 /* BookmarkListCell.swift */ = {isa = PBXFileReference; lastKnownFileType = sourcecode.swift; path = BookmarkListCell.swift; sourceTree = "<group>"; };
		6AE9324C2825041B00FBF607 /* LanguageType.swift */ = {isa = PBXFileReference; lastKnownFileType = sourcecode.swift; path = LanguageType.swift; sourceTree = "<group>"; };
		6AE932512828AC3300FBF607 /* CoreDataViewModel.swift */ = {isa = PBXFileReference; lastKnownFileType = sourcecode.swift; path = CoreDataViewModel.swift; sourceTree = "<group>"; };
/* End PBXFileReference section */

/* Begin PBXFrameworksBuildPhase section */
		6A0F8592284097B30014D037 /* Frameworks */ = {
			isa = PBXFrameworksBuildPhase;
			buildActionMask = 2147483647;
			files = (
				6ADE01BB28ACD3D000E2A4BF /* FirebaseMessaging in Frameworks */,
			);
			runOnlyForDeploymentPostprocessing = 0;
		};
		6A1769CB2819224C004AF6C8 /* Frameworks */ = {
			isa = PBXFrameworksBuildPhase;
			buildActionMask = 2147483647;
			files = (
				6ADE01B428ACCFEB00E2A4BF /* RxRelay in Frameworks */,
				6ADE01B928ACD09100E2A4BF /* SnapKit in Frameworks */,
				6ADE01AC28ACCEA700E2A4BF /* FirebaseMessaging in Frameworks */,
				6ADE01AA28ACCEA700E2A4BF /* FirebaseAnalytics in Frameworks */,
				6ADE01B228ACCFEB00E2A4BF /* RxCocoa in Frameworks */,
				6ADE01A728ACCD6A00E2A4BF /* Alamofire in Frameworks */,
				6ADE01AF28ACCF3C00E2A4BF /* Lottie in Frameworks */,
				6ADE01C428AF529B00E2A4BF /* SwipeCellKit in Frameworks */,
				6ADE01B628ACCFEB00E2A4BF /* RxSwift in Frameworks */,
			);
			runOnlyForDeploymentPostprocessing = 0;
		};
/* End PBXFrameworksBuildPhase section */

/* Begin PBXGroup section */
		6A0F8596284097B30014D037 /* NotificationExtension */ = {
			isa = PBXGroup;
			children = (
				6A0F8597284097B30014D037 /* NotificationService.swift */,
				6A0F8599284097B30014D037 /* Info.plist */,
			);
			path = NotificationExtension;
			sourceTree = "<group>";
		};
		6A0F85A0284098DE0014D037 /* Frameworks */ = {
			isa = PBXGroup;
			children = (
			);
			name = Frameworks;
			sourceTree = "<group>";
		};
		6A0F85AA2844A7E30014D037 /* Util */ = {
			isa = PBXGroup;
			children = (
				6A0F85A8284499360014D037 /* JSONDefaultWrapper.swift */,
				6A9A52E628A4A01500B4D189 /* SpeechRecognizer.swift */,
				6ADE01BC28ACDD1D00E2A4BF /* SpeechSynthesizer.swift */,
				6ADE01BE28ADCBF200E2A4BF /* Extensions.swift */,
			);
			path = Util;
			sourceTree = "<group>";
		};
		6A1769C52819224C004AF6C8 = {
			isa = PBXGroup;
			children = (
				6A1769E52819225C004AF6C8 /* README.md */,
				6A1769D02819224C004AF6C8 /* Translate */,
				6A0F8596284097B30014D037 /* NotificationExtension */,
				6A1769CF2819224C004AF6C8 /* Products */,
				6A0F85A0284098DE0014D037 /* Frameworks */,
			);
			sourceTree = "<group>";
		};
		6A1769CF2819224C004AF6C8 /* Products */ = {
			isa = PBXGroup;
			children = (
				6A1769CE2819224C004AF6C8 /* Translate.app */,
				6A0F8595284097B30014D037 /* NotificationExtension.appex */,
			);
			name = Products;
			sourceTree = "<group>";
		};
		6A1769D02819224C004AF6C8 /* Translate */ = {
			isa = PBXGroup;
			children = (
				6A9A52EF28A4D69300B4D189 /* Resources */,
				6A0F858028406B270014D037 /* Translate.entitlements */,
				6A1769DF2819224D004AF6C8 /* Info.plist */,
				6A1769D12819224C004AF6C8 /* AppDelegate.swift */,
				6A1769F1281A25B7004AF6C8 /* UIColor+.swift */,
				6A1769D32819224C004AF6C8 /* SceneDelegate.swift */,
				6A0F85AB2844A8730014D037 /* Constants.swift */,
				6A0F85AA2844A7E30014D037 /* Util */,
				6AE932492825031500FBF607 /* Model */,
				6A1769EC281931A4004AF6C8 /* Presentations */,
			);
			path = Translate;
			sourceTree = "<group>";
		};
		6A1769EC281931A4004AF6C8 /* Presentations */ = {
			isa = PBXGroup;
			children = (
				6A1769D52819224C004AF6C8 /* TabBarController.swift */,
				6A1769ED281931F5004AF6C8 /* TranslateViewController.swift */,
				6A1769F3281A2EA5004AF6C8 /* SourceTextViewController.swift */,
				6A9A52E828A4CAD400B4D189 /* RecorderViewController.swift */,
				6AE78FC32828D39F00A05115 /* CollectionView */,
				6A1769FE281A5D57004AF6C8 /* ViewModel */,
			);
			path = Presentations;
			sourceTree = "<group>";
		};
		6A1769FE281A5D57004AF6C8 /* ViewModel */ = {
			isa = PBXGroup;
			children = (
				6A1769FC281A5912004AF6C8 /* TranslateViewModel.swift */,
				6A1769FF281A5D73004AF6C8 /* SourceTextViewModel.swift */,
				6AE932512828AC3300FBF607 /* CoreDataViewModel.swift */,
				6A57991B284F1F3300E18E29 /* APIViewModel.swift */,
				6A9A52EA28A4CAE900B4D189 /* RecorderViewModel.swift */,
				6ADE01C028AE36A000E2A4BF /* BookmarkViewModel.swift */,
			);
			path = ViewModel;
			sourceTree = "<group>";
		};
		6A9A52EF28A4D69300B4D189 /* Resources */ = {
			isa = PBXGroup;
			children = (
				6A9A52F028A4D90500B4D189 /* 78296-record.json */,
				6A1769DC2819224D004AF6C8 /* LaunchScreen.storyboard */,
				6A0F85792840617C0014D037 /* GoogleService-Info.plist */,
				6A1769DA2819224D004AF6C8 /* Assets.xcassets */,
			);
			path = Resources;
			sourceTree = "<group>";
		};
		6AE78FC32828D39F00A05115 /* CollectionView */ = {
			isa = PBXGroup;
			children = (
				6A1769EF28193217004AF6C8 /* BookmarkViewController.swift */,
				6AE78FC42828D3BB00A05115 /* BookmarkListHeader.swift */,
				6AE78FC62828D3C800A05115 /* BookmarkListCell.swift */,
			);
			path = CollectionView;
			sourceTree = "<group>";
		};
		6AE932492825031500FBF607 /* Model */ = {
			isa = PBXGroup;
			children = (
				6A9AF3E3283CB33700AFBA00 /* Item+CoreDataClass.swift */,
				6A9AF3E4283CB33700AFBA00 /* Item+CoreDataProperties.swift */,
				6A9175B0281FAC5900E010A2 /* ButtonStyle.swift */,
				6AE9324C2825041B00FBF607 /* LanguageType.swift */,
				6A9AF3D6283C9F6400AFBA00 /* BookmarkItems.xcdatamodeld */,
				6A9AF3D9283CA8F800AFBA00 /* Bookmark.swift */,
				6A0F85A62844911D0014D037 /* Message.swift */,
				6A90B249287E8FE800254191 /* BookmarkToDataTransformer.swift */,
			);
			path = Model;
			sourceTree = "<group>";
		};
/* End PBXGroup section */

/* Begin PBXNativeTarget section */
		6A0F8594284097B30014D037 /* NotificationExtension */ = {
			isa = PBXNativeTarget;
			buildConfigurationList = 6A0F859D284097B30014D037 /* Build configuration list for PBXNativeTarget "NotificationExtension" */;
			buildPhases = (
				6A0F8591284097B30014D037 /* Sources */,
				6A0F8592284097B30014D037 /* Frameworks */,
				6A0F8593284097B30014D037 /* Resources */,
			);
			buildRules = (
			);
			dependencies = (
			);
			name = NotificationExtension;
			packageProductDependencies = (
				6ADE01BA28ACD3D000E2A4BF /* FirebaseMessaging */,
			);
			productName = NotificationExtension;
			productReference = 6A0F8595284097B30014D037 /* NotificationExtension.appex */;
			productType = "com.apple.product-type.app-extension";
		};
		6A1769CD2819224C004AF6C8 /* Translate */ = {
			isa = PBXNativeTarget;
			buildConfigurationList = 6A1769E22819224D004AF6C8 /* Build configuration list for PBXNativeTarget "Translate" */;
			buildPhases = (
				6A1769CA2819224C004AF6C8 /* Sources */,
				6A1769CB2819224C004AF6C8 /* Frameworks */,
				6A1769CC2819224C004AF6C8 /* Resources */,
				6A0F85902840975D0014D037 /* Embed App Extensions */,
			);
			buildRules = (
			);
			dependencies = (
				6A0F859B284097B30014D037 /* PBXTargetDependency */,
			);
			name = Translate;
			packageProductDependencies = (
				6ADE01A628ACCD6A00E2A4BF /* Alamofire */,
				6ADE01A928ACCEA700E2A4BF /* FirebaseAnalytics */,
				6ADE01AB28ACCEA700E2A4BF /* FirebaseMessaging */,
				6ADE01AE28ACCF3C00E2A4BF /* Lottie */,
				6ADE01B128ACCFEB00E2A4BF /* RxCocoa */,
				6ADE01B328ACCFEB00E2A4BF /* RxRelay */,
				6ADE01B528ACCFEB00E2A4BF /* RxSwift */,
				6ADE01B828ACD09100E2A4BF /* SnapKit */,
				6ADE01C328AF529B00E2A4BF /* SwipeCellKit */,
			);
			productName = Translate;
			productReference = 6A1769CE2819224C004AF6C8 /* Translate.app */;
			productType = "com.apple.product-type.application";
		};
/* End PBXNativeTarget section */

/* Begin PBXProject section */
		6A1769C62819224C004AF6C8 /* Project object */ = {
			isa = PBXProject;
			attributes = {
				BuildIndependentTargetsInParallel = 1;
				LastSwiftUpdateCheck = 1330;
				LastUpgradeCheck = 1320;
				TargetAttributes = {
					6A0F8594284097B30014D037 = {
						CreatedOnToolsVersion = 13.3;
					};
					6A1769CD2819224C004AF6C8 = {
						CreatedOnToolsVersion = 13.2.1;
					};
				};
			};
			buildConfigurationList = 6A1769C92819224C004AF6C8 /* Build configuration list for PBXProject "Translate" */;
			compatibilityVersion = "Xcode 13.0";
			developmentRegion = en;
			hasScannedForEncodings = 0;
			knownRegions = (
				en,
				Base,
			);
			mainGroup = 6A1769C52819224C004AF6C8;
			packageReferences = (
				6ADE01A528ACCD6A00E2A4BF /* XCRemoteSwiftPackageReference "Alamofire" */,
				6ADE01A828ACCEA700E2A4BF /* XCRemoteSwiftPackageReference "firebase-ios-sdk" */,
				6ADE01AD28ACCF3C00E2A4BF /* XCRemoteSwiftPackageReference "lottie-ios" */,
				6ADE01B028ACCFEB00E2A4BF /* XCRemoteSwiftPackageReference "RxSwift" */,
				6ADE01B728ACD09100E2A4BF /* XCRemoteSwiftPackageReference "SnapKit" */,
				6ADE01C228AF529B00E2A4BF /* XCRemoteSwiftPackageReference "SwipeCellKit" */,
			);
			productRefGroup = 6A1769CF2819224C004AF6C8 /* Products */;
			projectDirPath = "";
			projectRoot = "";
			targets = (
				6A1769CD2819224C004AF6C8 /* Translate */,
				6A0F8594284097B30014D037 /* NotificationExtension */,
			);
		};
/* End PBXProject section */

/* Begin PBXResourcesBuildPhase section */
		6A0F8593284097B30014D037 /* Resources */ = {
			isa = PBXResourcesBuildPhase;
			buildActionMask = 2147483647;
			files = (
			);
			runOnlyForDeploymentPostprocessing = 0;
		};
		6A1769CC2819224C004AF6C8 /* Resources */ = {
			isa = PBXResourcesBuildPhase;
			buildActionMask = 2147483647;
			files = (
				6A1769DE2819224D004AF6C8 /* LaunchScreen.storyboard in Resources */,
				6A9A52F128A4D90500B4D189 /* 78296-record.json in Resources */,
				6A1769DB2819224D004AF6C8 /* Assets.xcassets in Resources */,
				6A0F857A2840617C0014D037 /* GoogleService-Info.plist in Resources */,
			);
			runOnlyForDeploymentPostprocessing = 0;
		};
/* End PBXResourcesBuildPhase section */

/* Begin PBXSourcesBuildPhase section */
		6A0F8591284097B30014D037 /* Sources */ = {
			isa = PBXSourcesBuildPhase;
			buildActionMask = 2147483647;
			files = (
				6A0F8598284097B30014D037 /* NotificationService.swift in Sources */,
			);
			runOnlyForDeploymentPostprocessing = 0;
		};
		6A1769CA2819224C004AF6C8 /* Sources */ = {
			isa = PBXSourcesBuildPhase;
			buildActionMask = 2147483647;
			files = (
				6A9A52EB28A4CAE900B4D189 /* RecorderViewModel.swift in Sources */,
				6AE932522828AC3300FBF607 /* CoreDataViewModel.swift in Sources */,
				6A0F85AC2844A8730014D037 /* Constants.swift in Sources */,
				6ADE01C128AE36A000E2A4BF /* BookmarkViewModel.swift in Sources */,
				6A1769D62819224C004AF6C8 /* TabBarController.swift in Sources */,
				6A1769EE281931F5004AF6C8 /* TranslateViewController.swift in Sources */,
				6A176A00281A5D73004AF6C8 /* SourceTextViewModel.swift in Sources */,
				6A9AF3E6283CB33700AFBA00 /* Item+CoreDataProperties.swift in Sources */,
				6A9175B1281FAC5900E010A2 /* ButtonStyle.swift in Sources */,
				6A9AF3DA283CA8F800AFBA00 /* Bookmark.swift in Sources */,
				6A1769D22819224C004AF6C8 /* AppDelegate.swift in Sources */,
				6A0F85A9284499360014D037 /* JSONDefaultWrapper.swift in Sources */,
				6A1769D42819224C004AF6C8 /* SceneDelegate.swift in Sources */,
				6AE78FC72828D3C800A05115 /* BookmarkListCell.swift in Sources */,
				6AE9324D2825041B00FBF607 /* LanguageType.swift in Sources */,
				6A9A52E928A4CAD400B4D189 /* RecorderViewController.swift in Sources */,
				6A1769F028193217004AF6C8 /* BookmarkViewController.swift in Sources */,
				6A9AF3D8283C9F6500AFBA00 /* BookmarkItems.xcdatamodeld in Sources */,
				6ADE01BD28ACDD1D00E2A4BF /* SpeechSynthesizer.swift in Sources */,
				6A9AF3E5283CB33700AFBA00 /* Item+CoreDataClass.swift in Sources */,
				6A90B24A287E8FE800254191 /* BookmarkToDataTransformer.swift in Sources */,
				6A9A52E728A4A01500B4D189 /* SpeechRecognizer.swift in Sources */,
				6A1769FD281A5912004AF6C8 /* TranslateViewModel.swift in Sources */,
				6AE78FC52828D3BB00A05115 /* BookmarkListHeader.swift in Sources */,
				6A0F85A72844911D0014D037 /* Message.swift in Sources */,
				6A1769F4281A2EA5004AF6C8 /* SourceTextViewController.swift in Sources */,
				6A57991C284F1F3300E18E29 /* APIViewModel.swift in Sources */,
				6A1769F2281A25B7004AF6C8 /* UIColor+.swift in Sources */,
				6ADE01BF28ADCBF200E2A4BF /* Extensions.swift in Sources */,
			);
			runOnlyForDeploymentPostprocessing = 0;
		};
/* End PBXSourcesBuildPhase section */

/* Begin PBXTargetDependency section */
		6A0F859B284097B30014D037 /* PBXTargetDependency */ = {
			isa = PBXTargetDependency;
			target = 6A0F8594284097B30014D037 /* NotificationExtension */;
			targetProxy = 6A0F859A284097B30014D037 /* PBXContainerItemProxy */;
		};
/* End PBXTargetDependency section */

/* Begin PBXVariantGroup section */
		6A1769DC2819224D004AF6C8 /* LaunchScreen.storyboard */ = {
			isa = PBXVariantGroup;
			children = (
				6A1769DD2819224D004AF6C8 /* Base */,
			);
			name = LaunchScreen.storyboard;
			sourceTree = "<group>";
		};
/* End PBXVariantGroup section */

/* Begin XCBuildConfiguration section */
		6A0F859E284097B30014D037 /* Debug */ = {
			isa = XCBuildConfiguration;
			buildSettings = {
				CODE_SIGN_IDENTITY = "Apple Development";
				CODE_SIGN_STYLE = Automatic;
				CURRENT_PROJECT_VERSION = 1;
				DEVELOPMENT_TEAM = XJA7283JV3;
				GENERATE_INFOPLIST_FILE = YES;
				INFOPLIST_FILE = NotificationExtension/Info.plist;
				INFOPLIST_KEY_CFBundleDisplayName = NotificationExtension;
				INFOPLIST_KEY_NSHumanReadableCopyright = "";
				IPHONEOS_DEPLOYMENT_TARGET = 15.4;
				LD_RUNPATH_SEARCH_PATHS = (
					"$(inherited)",
					"@executable_path/Frameworks",
					"@executable_path/../../Frameworks",
				);
				MARKETING_VERSION = 1.0;
				PRODUCT_BUNDLE_IDENTIFIER = com.yujin.Translate.NotificationExtension;
				PRODUCT_NAME = "$(TARGET_NAME)";
				PROVISIONING_PROFILE_SPECIFIER = "";
				SKIP_INSTALL = YES;
				SWIFT_EMIT_LOC_STRINGS = YES;
				SWIFT_VERSION = 5.0;
				TARGETED_DEVICE_FAMILY = "1,2";
			};
			name = Debug;
		};
		6A0F859F284097B30014D037 /* Release */ = {
			isa = XCBuildConfiguration;
			buildSettings = {
				CODE_SIGN_IDENTITY = "Apple Development";
				CODE_SIGN_STYLE = Automatic;
				CURRENT_PROJECT_VERSION = 1;
				DEVELOPMENT_TEAM = XJA7283JV3;
				GENERATE_INFOPLIST_FILE = YES;
				INFOPLIST_FILE = NotificationExtension/Info.plist;
				INFOPLIST_KEY_CFBundleDisplayName = NotificationExtension;
				INFOPLIST_KEY_NSHumanReadableCopyright = "";
				IPHONEOS_DEPLOYMENT_TARGET = 15.4;
				LD_RUNPATH_SEARCH_PATHS = (
					"$(inherited)",
					"@executable_path/Frameworks",
					"@executable_path/../../Frameworks",
				);
				MARKETING_VERSION = 1.0;
				PRODUCT_BUNDLE_IDENTIFIER = com.yujin.Translate.NotificationExtension;
				PRODUCT_NAME = "$(TARGET_NAME)";
				PROVISIONING_PROFILE_SPECIFIER = "";
				SKIP_INSTALL = YES;
				SWIFT_EMIT_LOC_STRINGS = YES;
				SWIFT_VERSION = 5.0;
				TARGETED_DEVICE_FAMILY = "1,2";
			};
			name = Release;
		};
		6A1769E02819224D004AF6C8 /* Debug */ = {
			isa = XCBuildConfiguration;
			buildSettings = {
				ALWAYS_SEARCH_USER_PATHS = NO;
				CLANG_ANALYZER_NONNULL = YES;
				CLANG_ANALYZER_NUMBER_OBJECT_CONVERSION = YES_AGGRESSIVE;
				CLANG_CXX_LANGUAGE_STANDARD = "gnu++17";
				CLANG_CXX_LIBRARY = "libc++";
				CLANG_ENABLE_MODULES = YES;
				CLANG_ENABLE_OBJC_ARC = YES;
				CLANG_ENABLE_OBJC_WEAK = YES;
				CLANG_WARN_BLOCK_CAPTURE_AUTORELEASING = YES;
				CLANG_WARN_BOOL_CONVERSION = YES;
				CLANG_WARN_COMMA = YES;
				CLANG_WARN_CONSTANT_CONVERSION = YES;
				CLANG_WARN_DEPRECATED_OBJC_IMPLEMENTATIONS = YES;
				CLANG_WARN_DIRECT_OBJC_ISA_USAGE = YES_ERROR;
				CLANG_WARN_DOCUMENTATION_COMMENTS = YES;
				CLANG_WARN_EMPTY_BODY = YES;
				CLANG_WARN_ENUM_CONVERSION = YES;
				CLANG_WARN_INFINITE_RECURSION = YES;
				CLANG_WARN_INT_CONVERSION = YES;
				CLANG_WARN_NON_LITERAL_NULL_CONVERSION = YES;
				CLANG_WARN_OBJC_IMPLICIT_RETAIN_SELF = YES;
				CLANG_WARN_OBJC_LITERAL_CONVERSION = YES;
				CLANG_WARN_OBJC_ROOT_CLASS = YES_ERROR;
				CLANG_WARN_QUOTED_INCLUDE_IN_FRAMEWORK_HEADER = YES;
				CLANG_WARN_RANGE_LOOP_ANALYSIS = YES;
				CLANG_WARN_STRICT_PROTOTYPES = YES;
				CLANG_WARN_SUSPICIOUS_MOVE = YES;
				CLANG_WARN_UNGUARDED_AVAILABILITY = YES_AGGRESSIVE;
				CLANG_WARN_UNREACHABLE_CODE = YES;
				CLANG_WARN__DUPLICATE_METHOD_MATCH = YES;
				COPY_PHASE_STRIP = NO;
				DEBUG_INFORMATION_FORMAT = dwarf;
				ENABLE_STRICT_OBJC_MSGSEND = YES;
				ENABLE_TESTABILITY = YES;
				GCC_C_LANGUAGE_STANDARD = gnu11;
				GCC_DYNAMIC_NO_PIC = NO;
				GCC_NO_COMMON_BLOCKS = YES;
				GCC_OPTIMIZATION_LEVEL = 0;
				GCC_PREPROCESSOR_DEFINITIONS = (
					"DEBUG=1",
					"$(inherited)",
				);
				GCC_WARN_64_TO_32_BIT_CONVERSION = YES;
				GCC_WARN_ABOUT_RETURN_TYPE = YES_ERROR;
				GCC_WARN_UNDECLARED_SELECTOR = YES;
				GCC_WARN_UNINITIALIZED_AUTOS = YES_AGGRESSIVE;
				GCC_WARN_UNUSED_FUNCTION = YES;
				GCC_WARN_UNUSED_VARIABLE = YES;
				IPHONEOS_DEPLOYMENT_TARGET = 15.2;
				MTL_ENABLE_DEBUG_INFO = INCLUDE_SOURCE;
				MTL_FAST_MATH = YES;
				ONLY_ACTIVE_ARCH = YES;
				SDKROOT = iphoneos;
				SWIFT_ACTIVE_COMPILATION_CONDITIONS = DEBUG;
				SWIFT_OPTIMIZATION_LEVEL = "-Onone";
			};
			name = Debug;
		};
		6A1769E12819224D004AF6C8 /* Release */ = {
			isa = XCBuildConfiguration;
			buildSettings = {
				ALWAYS_SEARCH_USER_PATHS = NO;
				CLANG_ANALYZER_NONNULL = YES;
				CLANG_ANALYZER_NUMBER_OBJECT_CONVERSION = YES_AGGRESSIVE;
				CLANG_CXX_LANGUAGE_STANDARD = "gnu++17";
				CLANG_CXX_LIBRARY = "libc++";
				CLANG_ENABLE_MODULES = YES;
				CLANG_ENABLE_OBJC_ARC = YES;
				CLANG_ENABLE_OBJC_WEAK = YES;
				CLANG_WARN_BLOCK_CAPTURE_AUTORELEASING = YES;
				CLANG_WARN_BOOL_CONVERSION = YES;
				CLANG_WARN_COMMA = YES;
				CLANG_WARN_CONSTANT_CONVERSION = YES;
				CLANG_WARN_DEPRECATED_OBJC_IMPLEMENTATIONS = YES;
				CLANG_WARN_DIRECT_OBJC_ISA_USAGE = YES_ERROR;
				CLANG_WARN_DOCUMENTATION_COMMENTS = YES;
				CLANG_WARN_EMPTY_BODY = YES;
				CLANG_WARN_ENUM_CONVERSION = YES;
				CLANG_WARN_INFINITE_RECURSION = YES;
				CLANG_WARN_INT_CONVERSION = YES;
				CLANG_WARN_NON_LITERAL_NULL_CONVERSION = YES;
				CLANG_WARN_OBJC_IMPLICIT_RETAIN_SELF = YES;
				CLANG_WARN_OBJC_LITERAL_CONVERSION = YES;
				CLANG_WARN_OBJC_ROOT_CLASS = YES_ERROR;
				CLANG_WARN_QUOTED_INCLUDE_IN_FRAMEWORK_HEADER = YES;
				CLANG_WARN_RANGE_LOOP_ANALYSIS = YES;
				CLANG_WARN_STRICT_PROTOTYPES = YES;
				CLANG_WARN_SUSPICIOUS_MOVE = YES;
				CLANG_WARN_UNGUARDED_AVAILABILITY = YES_AGGRESSIVE;
				CLANG_WARN_UNREACHABLE_CODE = YES;
				CLANG_WARN__DUPLICATE_METHOD_MATCH = YES;
				COPY_PHASE_STRIP = NO;
				DEBUG_INFORMATION_FORMAT = "dwarf-with-dsym";
				ENABLE_NS_ASSERTIONS = NO;
				ENABLE_STRICT_OBJC_MSGSEND = YES;
				GCC_C_LANGUAGE_STANDARD = gnu11;
				GCC_NO_COMMON_BLOCKS = YES;
				GCC_WARN_64_TO_32_BIT_CONVERSION = YES;
				GCC_WARN_ABOUT_RETURN_TYPE = YES_ERROR;
				GCC_WARN_UNDECLARED_SELECTOR = YES;
				GCC_WARN_UNINITIALIZED_AUTOS = YES_AGGRESSIVE;
				GCC_WARN_UNUSED_FUNCTION = YES;
				GCC_WARN_UNUSED_VARIABLE = YES;
				IPHONEOS_DEPLOYMENT_TARGET = 15.2;
				MTL_ENABLE_DEBUG_INFO = NO;
				MTL_FAST_MATH = YES;
				SDKROOT = iphoneos;
				SWIFT_COMPILATION_MODE = wholemodule;
				SWIFT_OPTIMIZATION_LEVEL = "-O";
				VALIDATE_PRODUCT = YES;
			};
			name = Release;
		};
		6A1769E32819224D004AF6C8 /* Debug */ = {
			isa = XCBuildConfiguration;
			buildSettings = {
				ALWAYS_EMBED_SWIFT_STANDARD_LIBRARIES = YES;
				ASSETCATALOG_COMPILER_APPICON_NAME = AppIcon;
				ASSETCATALOG_COMPILER_GLOBAL_ACCENT_COLOR_NAME = AccentColor;
				CODE_SIGN_ENTITLEMENTS = Translate/Translate.entitlements;
				CODE_SIGN_IDENTITY = "iPhone Developer";
				CODE_SIGN_STYLE = Manual;
				CURRENT_PROJECT_VERSION = 1;
				DEVELOPMENT_TEAM = XJA7283JV3;
				GENERATE_INFOPLIST_FILE = YES;
				INFOPLIST_FILE = Translate/Info.plist;
				INFOPLIST_KEY_UIApplicationSupportsIndirectInputEvents = YES;
				INFOPLIST_KEY_UILaunchStoryboardName = LaunchScreen;
				INFOPLIST_KEY_UIMainStoryboardFile = "";
				INFOPLIST_KEY_UISupportedInterfaceOrientations_iPad = "UIInterfaceOrientationPortrait UIInterfaceOrientationPortraitUpsideDown UIInterfaceOrientationLandscapeLeft UIInterfaceOrientationLandscapeRight";
				INFOPLIST_KEY_UISupportedInterfaceOrientations_iPhone = "UIInterfaceOrientationPortrait UIInterfaceOrientationLandscapeLeft UIInterfaceOrientationLandscapeRight";
				LD_RUNPATH_SEARCH_PATHS = (
					"$(inherited)",
					"@executable_path/Frameworks",
				);
				MARKETING_VERSION = 1.0;
				PRODUCT_BUNDLE_IDENTIFIER = com.yujin.Translate;
				PRODUCT_NAME = "$(TARGET_NAME)";
				PROVISIONING_PROFILE_SPECIFIER = "develop translate";
				SWIFT_EMIT_LOC_STRINGS = YES;
				SWIFT_VERSION = 5.0;
				TARGETED_DEVICE_FAMILY = "1,2";
			};
			name = Debug;
		};
		6A1769E42819224D004AF6C8 /* Release */ = {
			isa = XCBuildConfiguration;
			buildSettings = {
				ALWAYS_EMBED_SWIFT_STANDARD_LIBRARIES = YES;
				ASSETCATALOG_COMPILER_APPICON_NAME = AppIcon;
				ASSETCATALOG_COMPILER_GLOBAL_ACCENT_COLOR_NAME = AccentColor;
				CODE_SIGN_ENTITLEMENTS = Translate/Translate.entitlements;
				CODE_SIGN_IDENTITY = "iPhone Developer";
				CODE_SIGN_STYLE = Manual;
				CURRENT_PROJECT_VERSION = 1;
				DEVELOPMENT_TEAM = XJA7283JV3;
				GENERATE_INFOPLIST_FILE = YES;
				INFOPLIST_FILE = Translate/Info.plist;
				INFOPLIST_KEY_UIApplicationSupportsIndirectInputEvents = YES;
				INFOPLIST_KEY_UILaunchStoryboardName = LaunchScreen;
				INFOPLIST_KEY_UIMainStoryboardFile = "";
				INFOPLIST_KEY_UISupportedInterfaceOrientations_iPad = "UIInterfaceOrientationPortrait UIInterfaceOrientationPortraitUpsideDown UIInterfaceOrientationLandscapeLeft UIInterfaceOrientationLandscapeRight";
				INFOPLIST_KEY_UISupportedInterfaceOrientations_iPhone = "UIInterfaceOrientationPortrait UIInterfaceOrientationLandscapeLeft UIInterfaceOrientationLandscapeRight";
				LD_RUNPATH_SEARCH_PATHS = (
					"$(inherited)",
					"@executable_path/Frameworks",
				);
				MARKETING_VERSION = 1.0;
				PRODUCT_BUNDLE_IDENTIFIER = com.yujin.Translate;
				PRODUCT_NAME = "$(TARGET_NAME)";
				PROVISIONING_PROFILE_SPECIFIER = "develop translate";
				SWIFT_EMIT_LOC_STRINGS = YES;
				SWIFT_VERSION = 5.0;
				TARGETED_DEVICE_FAMILY = "1,2";
			};
			name = Release;
		};
/* End XCBuildConfiguration section */

/* Begin XCConfigurationList section */
		6A0F859D284097B30014D037 /* Build configuration list for PBXNativeTarget "NotificationExtension" */ = {
			isa = XCConfigurationList;
			buildConfigurations = (
				6A0F859E284097B30014D037 /* Debug */,
				6A0F859F284097B30014D037 /* Release */,
			);
			defaultConfigurationIsVisible = 0;
			defaultConfigurationName = Debug;
		};
		6A1769C92819224C004AF6C8 /* Build configuration list for PBXProject "Translate" */ = {
			isa = XCConfigurationList;
			buildConfigurations = (
				6A1769E02819224D004AF6C8 /* Debug */,
				6A1769E12819224D004AF6C8 /* Release */,
			);
			defaultConfigurationIsVisible = 0;
			defaultConfigurationName = Debug;
		};
		6A1769E22819224D004AF6C8 /* Build configuration list for PBXNativeTarget "Translate" */ = {
			isa = XCConfigurationList;
			buildConfigurations = (
				6A1769E32819224D004AF6C8 /* Debug */,
				6A1769E42819224D004AF6C8 /* Release */,
			);
			defaultConfigurationIsVisible = 0;
			defaultConfigurationName = Debug;
		};
/* End XCConfigurationList section */

/* Begin XCRemoteSwiftPackageReference section */
		6ADE01A528ACCD6A00E2A4BF /* XCRemoteSwiftPackageReference "Alamofire" */ = {
			isa = XCRemoteSwiftPackageReference;
			repositoryURL = "https://github.com/Alamofire/Alamofire.git";
			requirement = {
				kind = upToNextMajorVersion;
				minimumVersion = 5.0.0;
			};
		};
		6ADE01A828ACCEA700E2A4BF /* XCRemoteSwiftPackageReference "firebase-ios-sdk" */ = {
			isa = XCRemoteSwiftPackageReference;
			repositoryURL = "https://github.com/firebase/firebase-ios-sdk";
			requirement = {
				kind = upToNextMajorVersion;
				minimumVersion = 9.0.0;
			};
		};
		6ADE01AD28ACCF3C00E2A4BF /* XCRemoteSwiftPackageReference "lottie-ios" */ = {
			isa = XCRemoteSwiftPackageReference;
			repositoryURL = "https://github.com/airbnb/lottie-ios.git";
			requirement = {
				kind = upToNextMajorVersion;
				minimumVersion = 3.0.0;
			};
		};
		6ADE01B028ACCFEB00E2A4BF /* XCRemoteSwiftPackageReference "RxSwift" */ = {
			isa = XCRemoteSwiftPackageReference;
			repositoryURL = "https://github.com/ReactiveX/RxSwift.git";
			requirement = {
				kind = upToNextMajorVersion;
				minimumVersion = 6.0.0;
			};
		};
		6ADE01B728ACD09100E2A4BF /* XCRemoteSwiftPackageReference "SnapKit" */ = {
			isa = XCRemoteSwiftPackageReference;
			repositoryURL = "https://github.com/SnapKit/SnapKit.git";
			requirement = {
				kind = upToNextMajorVersion;
				minimumVersion = 5.0.0;
			};
		};
		6ADE01C228AF529B00E2A4BF /* XCRemoteSwiftPackageReference "SwipeCellKit" */ = {
			isa = XCRemoteSwiftPackageReference;
			repositoryURL = "https://github.com/SwipeCellKit/SwipeCellKit";
			requirement = {
				kind = upToNextMajorVersion;
				minimumVersion = 2.0.0;
			};
		};
/* End XCRemoteSwiftPackageReference section */

/* Begin XCSwiftPackageProductDependency section */
		6ADE01A628ACCD6A00E2A4BF /* Alamofire */ = {
			isa = XCSwiftPackageProductDependency;
			package = 6ADE01A528ACCD6A00E2A4BF /* XCRemoteSwiftPackageReference "Alamofire" */;
			productName = Alamofire;
		};
		6ADE01A928ACCEA700E2A4BF /* FirebaseAnalytics */ = {
			isa = XCSwiftPackageProductDependency;
			package = 6ADE01A828ACCEA700E2A4BF /* XCRemoteSwiftPackageReference "firebase-ios-sdk" */;
			productName = FirebaseAnalytics;
		};
		6ADE01AB28ACCEA700E2A4BF /* FirebaseMessaging */ = {
			isa = XCSwiftPackageProductDependency;
			package = 6ADE01A828ACCEA700E2A4BF /* XCRemoteSwiftPackageReference "firebase-ios-sdk" */;
			productName = FirebaseMessaging;
		};
		6ADE01AE28ACCF3C00E2A4BF /* Lottie */ = {
			isa = XCSwiftPackageProductDependency;
			package = 6ADE01AD28ACCF3C00E2A4BF /* XCRemoteSwiftPackageReference "lottie-ios" */;
			productName = Lottie;
		};
		6ADE01B128ACCFEB00E2A4BF /* RxCocoa */ = {
			isa = XCSwiftPackageProductDependency;
			package = 6ADE01B028ACCFEB00E2A4BF /* XCRemoteSwiftPackageReference "RxSwift" */;
			productName = RxCocoa;
		};
		6ADE01B328ACCFEB00E2A4BF /* RxRelay */ = {
			isa = XCSwiftPackageProductDependency;
			package = 6ADE01B028ACCFEB00E2A4BF /* XCRemoteSwiftPackageReference "RxSwift" */;
			productName = RxRelay;
		};
		6ADE01B528ACCFEB00E2A4BF /* RxSwift */ = {
			isa = XCSwiftPackageProductDependency;
			package = 6ADE01B028ACCFEB00E2A4BF /* XCRemoteSwiftPackageReference "RxSwift" */;
			productName = RxSwift;
		};
		6ADE01B828ACD09100E2A4BF /* SnapKit */ = {
			isa = XCSwiftPackageProductDependency;
			package = 6ADE01B728ACD09100E2A4BF /* XCRemoteSwiftPackageReference "SnapKit" */;
			productName = SnapKit;
		};
		6ADE01BA28ACD3D000E2A4BF /* FirebaseMessaging */ = {
			isa = XCSwiftPackageProductDependency;
			package = 6ADE01A828ACCEA700E2A4BF /* XCRemoteSwiftPackageReference "firebase-ios-sdk" */;
			productName = FirebaseMessaging;
		};
		6ADE01C328AF529B00E2A4BF /* SwipeCellKit */ = {
			isa = XCSwiftPackageProductDependency;
			package = 6ADE01C228AF529B00E2A4BF /* XCRemoteSwiftPackageReference "SwipeCellKit" */;
			productName = SwipeCellKit;
		};
/* End XCSwiftPackageProductDependency section */

/* Begin XCVersionGroup section */
		6A9AF3D6283C9F6400AFBA00 /* BookmarkItems.xcdatamodeld */ = {
			isa = XCVersionGroup;
			children = (
				6A9AF3D7283C9F6500AFBA00 /* BookmarkItems.xcdatamodel */,
			);
			currentVersion = 6A9AF3D7283C9F6500AFBA00 /* BookmarkItems.xcdatamodel */;
			path = BookmarkItems.xcdatamodeld;
			sourceTree = "<group>";
			versionGroupType = wrapper.xcdatamodel;
		};
/* End XCVersionGroup section */
	};
	rootObject = 6A1769C62819224C004AF6C8 /* Project object */;
}
